// !$*UTF8*$!
{
	archiveVersion = 1;
	classes = {
	};
	objectVersion = 55;
	objects = {

/* Begin PBXBuildFile section */
		26EDC31527A9934600C85B5D /* AppDelegate.swift in Sources */ = {isa = PBXBuildFile; fileRef = 26EDC31427A9934600C85B5D /* AppDelegate.swift */; };
		26EDC31727A9934600C85B5D /* SceneDelegate.swift in Sources */ = {isa = PBXBuildFile; fileRef = 26EDC31627A9934600C85B5D /* SceneDelegate.swift */; };
		26EDC31927A9934600C85B5D /* ViewController.swift in Sources */ = {isa = PBXBuildFile; fileRef = 26EDC31827A9934600C85B5D /* ViewController.swift */; };
		26EDC31C27A9934600C85B5D /* Main.storyboard in Resources */ = {isa = PBXBuildFile; fileRef = 26EDC31A27A9934600C85B5D /* Main.storyboard */; };
		26EDC31E27A9934800C85B5D /* Assets.xcassets in Resources */ = {isa = PBXBuildFile; fileRef = 26EDC31D27A9934800C85B5D /* Assets.xcassets */; };
		26EDC32127A9934800C85B5D /* LaunchScreen.storyboard in Resources */ = {isa = PBXBuildFile; fileRef = 26EDC31F27A9934800C85B5D /* LaunchScreen.storyboard */; };
		26EDC32C27A9934800C85B5D /* DivisiblesTests.swift in Sources */ = {isa = PBXBuildFile; fileRef = 26EDC32B27A9934800C85B5D /* DivisiblesTests.swift */; };
		26EDC33627A9934900C85B5D /* DivisiblesUITests.swift in Sources */ = {isa = PBXBuildFile; fileRef = 26EDC33527A9934900C85B5D /* DivisiblesUITests.swift */; };
		26EDC33827A9934900C85B5D /* DivisiblesUITestsLaunchTests.swift in Sources */ = {isa = PBXBuildFile; fileRef = 26EDC33727A9934900C85B5D /* DivisiblesUITestsLaunchTests.swift */; };
/* End PBXBuildFile section */

/* Begin PBXContainerItemProxy section */
		26EDC32827A9934800C85B5D /* PBXContainerItemProxy */ = {
			isa = PBXContainerItemProxy;
			containerPortal = 26EDC30927A9934600C85B5D /* Project object */;
			proxyType = 1;
			remoteGlobalIDString = 26EDC31027A9934600C85B5D;
			remoteInfo = Divisibles;
		};
		26EDC33227A9934900C85B5D /* PBXContainerItemProxy */ = {
			isa = PBXContainerItemProxy;
			containerPortal = 26EDC30927A9934600C85B5D /* Project object */;
			proxyType = 1;
			remoteGlobalIDString = 26EDC31027A9934600C85B5D;
			remoteInfo = Divisibles;
		};
/* End PBXContainerItemProxy section */

/* Begin PBXFileReference section */
		26EDC31127A9934600C85B5D /* Divisibles.app */ = {isa = PBXFileReference; explicitFileType = wrapper.application; includeInIndex = 0; path = Divisibles.app; sourceTree = BUILT_PRODUCTS_DIR; };
		26EDC31427A9934600C85B5D /* AppDelegate.swift */ = {isa = PBXFileReference; lastKnownFileType = sourcecode.swift; path = AppDelegate.swift; sourceTree = "<group>"; };
		26EDC31627A9934600C85B5D /* SceneDelegate.swift */ = {isa = PBXFileReference; lastKnownFileType = sourcecode.swift; path = SceneDelegate.swift; sourceTree = "<group>"; };
		26EDC31827A9934600C85B5D /* ViewController.swift */ = {isa = PBXFileReference; lastKnownFileType = sourcecode.swift; path = ViewController.swift; sourceTree = "<group>"; };
		26EDC31B27A9934600C85B5D /* Base */ = {isa = PBXFileReference; lastKnownFileType = file.storyboard; name = Base; path = Base.lproj/Main.storyboard; sourceTree = "<group>"; };
		26EDC31D27A9934800C85B5D /* Assets.xcassets */ = {isa = PBXFileReference; lastKnownFileType = folder.assetcatalog; path = Assets.xcassets; sourceTree = "<group>"; };
		26EDC32027A9934800C85B5D /* Base */ = {isa = PBXFileReference; lastKnownFileType = file.storyboard; name = Base; path = Base.lproj/LaunchScreen.storyboard; sourceTree = "<group>"; };
		26EDC32227A9934800C85B5D /* Info.plist */ = {isa = PBXFileReference; lastKnownFileType = text.plist.xml; path = Info.plist; sourceTree = "<group>"; };
		26EDC32727A9934800C85B5D /* DivisiblesTests.xctest */ = {isa = PBXFileReference; explicitFileType = wrapper.cfbundle; includeInIndex = 0; path = DivisiblesTests.xctest; sourceTree = BUILT_PRODUCTS_DIR; };
		26EDC32B27A9934800C85B5D /* DivisiblesTests.swift */ = {isa = PBXFileReference; lastKnownFileType = sourcecode.swift; path = DivisiblesTests.swift; sourceTree = "<group>"; };
		26EDC33127A9934900C85B5D /* DivisiblesUITests.xctest */ = {isa = PBXFileReference; explicitFileType = wrapper.cfbundle; includeInIndex = 0; path = DivisiblesUITests.xctest; sourceTree = BUILT_PRODUCTS_DIR; };
		26EDC33527A9934900C85B5D /* DivisiblesUITests.swift */ = {isa = PBXFileReference; lastKnownFileType = sourcecode.swift; path = DivisiblesUITests.swift; sourceTree = "<group>"; };
		26EDC33727A9934900C85B5D /* DivisiblesUITestsLaunchTests.swift */ = {isa = PBXFileReference; lastKnownFileType = sourcecode.swift; path = DivisiblesUITestsLaunchTests.swift; sourceTree = "<group>"; };
/* End PBXFileReference section */

/* Begin PBXFrameworksBuildPhase section */
		26EDC30E27A9934600C85B5D /* Frameworks */ = {
			isa = PBXFrameworksBuildPhase;
			buildActionMask = 2147483647;
			files = (
			);
			runOnlyForDeploymentPostprocessing = 0;
		};
		26EDC32427A9934800C85B5D /* Frameworks */ = {
			isa = PBXFrameworksBuildPhase;
			buildActionMask = 2147483647;
			files = (
			);
			runOnlyForDeploymentPostprocessing = 0;
		};
		26EDC32E27A9934900C85B5D /* Frameworks */ = {
			isa = PBXFrameworksBuildPhase;
			buildActionMask = 2147483647;
			files = (
			);
			runOnlyForDeploymentPostprocessing = 0;
		};
/* End PBXFrameworksBuildPhase section */

/* Begin PBXGroup section */
		26EDC30827A9934600C85B5D = {
			isa = PBXGroup;
			children = (
				26EDC31327A9934600C85B5D /* Divisibles */,
				26EDC32A27A9934800C85B5D /* DivisiblesTests */,
				26EDC33427A9934900C85B5D /* DivisiblesUITests */,
				26EDC31227A9934600C85B5D /* Products */,
			);
			sourceTree = "<group>";
		};
		26EDC31227A9934600C85B5D /* Products */ = {
			isa = PBXGroup;
			children = (
				26EDC31127A9934600C85B5D /* Divisibles.app */,
				26EDC32727A9934800C85B5D /* DivisiblesTests.xctest */,
				26EDC33127A9934900C85B5D /* DivisiblesUITests.xctest */,
			);
			name = Products;
			sourceTree = "<group>";
		};
		26EDC31327A9934600C85B5D /* Divisibles */ = {
			isa = PBXGroup;
			children = (
				26EDC31427A9934600C85B5D /* AppDelegate.swift */,
				26EDC31627A9934600C85B5D /* SceneDelegate.swift */,
				26EDC31827A9934600C85B5D /* ViewController.swift */,
				26EDC31A27A9934600C85B5D /* Main.storyboard */,
				26EDC31D27A9934800C85B5D /* Assets.xcassets */,
				26EDC31F27A9934800C85B5D /* LaunchScreen.storyboard */,
				26EDC32227A9934800C85B5D /* Info.plist */,
			);
			path = Divisibles;
			sourceTree = "<group>";
		};
		26EDC32A27A9934800C85B5D /* DivisiblesTests */ = {
			isa = PBXGroup;
			children = (
				26EDC32B27A9934800C85B5D /* DivisiblesTests.swift */,
			);
			path = DivisiblesTests;
			sourceTree = "<group>";
		};
		26EDC33427A9934900C85B5D /* DivisiblesUITests */ = {
			isa = PBXGroup;
			children = (
				26EDC33527A9934900C85B5D /* DivisiblesUITests.swift */,
				26EDC33727A9934900C85B5D /* DivisiblesUITestsLaunchTests.swift */,
			);
			path = DivisiblesUITests;
			sourceTree = "<group>";
		};
/* End PBXGroup section */

/* Begin PBXNativeTarget section */
		26EDC31027A9934600C85B5D /* Divisibles */ = {
			isa = PBXNativeTarget;
			buildConfigurationList = 26EDC33B27A9934900C85B5D /* Build configuration list for PBXNativeTarget "Divisibles" */;
			buildPhases = (
				26EDC30D27A9934600C85B5D /* Sources */,
				26EDC30E27A9934600C85B5D /* Frameworks */,
				26EDC30F27A9934600C85B5D /* Resources */,
			);
			buildRules = (
			);
			dependencies = (
			);
			name = Divisibles;
			productName = Divisibles;
			productReference = 26EDC31127A9934600C85B5D /* Divisibles.app */;
			productType = "com.apple.product-type.application";
		};
		26EDC32627A9934800C85B5D /* DivisiblesTests */ = {
			isa = PBXNativeTarget;
			buildConfigurationList = 26EDC33E27A9934900C85B5D /* Build configuration list for PBXNativeTarget "DivisiblesTests" */;
			buildPhases = (
				26EDC32327A9934800C85B5D /* Sources */,
				26EDC32427A9934800C85B5D /* Frameworks */,
				26EDC32527A9934800C85B5D /* Resources */,
			);
			buildRules = (
			);
			dependencies = (
				26EDC32927A9934800C85B5D /* PBXTargetDependency */,
			);
			name = DivisiblesTests;
			productName = DivisiblesTests;
			productReference = 26EDC32727A9934800C85B5D /* DivisiblesTests.xctest */;
			productType = "com.apple.product-type.bundle.unit-test";
		};
		26EDC33027A9934900C85B5D /* DivisiblesUITests */ = {
			isa = PBXNativeTarget;
			buildConfigurationList = 26EDC34127A9934900C85B5D /* Build configuration list for PBXNativeTarget "DivisiblesUITests" */;
			buildPhases = (
				26EDC32D27A9934900C85B5D /* Sources */,
				26EDC32E27A9934900C85B5D /* Frameworks */,
				26EDC32F27A9934900C85B5D /* Resources */,
			);
			buildRules = (
			);
			dependencies = (
				26EDC33327A9934900C85B5D /* PBXTargetDependency */,
			);
			name = DivisiblesUITests;
			productName = DivisiblesUITests;
			productReference = 26EDC33127A9934900C85B5D /* DivisiblesUITests.xctest */;
			productType = "com.apple.product-type.bundle.ui-testing";
		};
/* End PBXNativeTarget section */

/* Begin PBXProject section */
		26EDC30927A9934600C85B5D /* Project object */ = {
			isa = PBXProject;
			attributes = {
				BuildIndependentTargetsInParallel = 1;
				LastSwiftUpdateCheck = 1320;
				LastUpgradeCheck = 1320;
				TargetAttributes = {
					26EDC31027A9934600C85B5D = {
						CreatedOnToolsVersion = 13.2.1;
					};
					26EDC32627A9934800C85B5D = {
						CreatedOnToolsVersion = 13.2.1;
						TestTargetID = 26EDC31027A9934600C85B5D;
					};
					26EDC33027A9934900C85B5D = {
						CreatedOnToolsVersion = 13.2.1;
						TestTargetID = 26EDC31027A9934600C85B5D;
					};
				};
			};
			buildConfigurationList = 26EDC30C27A9934600C85B5D /* Build configuration list for PBXProject "Divisibles" */;
			compatibilityVersion = "Xcode 13.0";
			developmentRegion = en;
			hasScannedForEncodings = 0;
			knownRegions = (
				en,
				Base,
			);
			mainGroup = 26EDC30827A9934600C85B5D;
			productRefGroup = 26EDC31227A9934600C85B5D /* Products */;
			projectDirPath = "";
			projectRoot = "";
			targets = (
				26EDC31027A9934600C85B5D /* Divisibles */,
				26EDC32627A9934800C85B5D /* DivisiblesTests */,
				26EDC33027A9934900C85B5D /* DivisiblesUITests */,
			);
		};
/* End PBXProject section */

/* Begin PBXResourcesBuildPhase section */
		26EDC30F27A9934600C85B5D /* Resources */ = {
			isa = PBXResourcesBuildPhase;
			buildActionMask = 2147483647;
			files = (
				26EDC32127A9934800C85B5D /* LaunchScreen.storyboard in Resources */,
				26EDC31E27A9934800C85B5D /* Assets.xcassets in Resources */,
				26EDC31C27A9934600C85B5D /* Main.storyboard in Resources */,
			);
			runOnlyForDeploymentPostprocessing = 0;
		};
		26EDC32527A9934800C85B5D /* Resources */ = {
			isa = PBXResourcesBuildPhase;
			buildActionMask = 2147483647;
			files = (
			);
			runOnlyForDeploymentPostprocessing = 0;
		};
		26EDC32F27A9934900C85B5D /* Resources */ = {
			isa = PBXResourcesBuildPhase;
			buildActionMask = 2147483647;
			files = (
			);
			runOnlyForDeploymentPostprocessing = 0;
		};
/* End PBXResourcesBuildPhase section */

/* Begin PBXSourcesBuildPhase section */
		26EDC30D27A9934600C85B5D /* Sources */ = {
			isa = PBXSourcesBuildPhase;
			buildActionMask = 2147483647;
			files = (
				26EDC31927A9934600C85B5D /* ViewController.swift in Sources */,
				26EDC31527A9934600C85B5D /* AppDelegate.swift in Sources */,
				26EDC31727A9934600C85B5D /* SceneDelegate.swift in Sources */,
			);
			runOnlyForDeploymentPostprocessing = 0;
		};
		26EDC32327A9934800C85B5D /* Sources */ = {
			isa = PBXSourcesBuildPhase;
			buildActionMask = 2147483647;
			files = (
				26EDC32C27A9934800C85B5D /* DivisiblesTests.swift in Sources */,
			);
			runOnlyForDeploymentPostprocessing = 0;
		};
		26EDC32D27A9934900C85B5D /* Sources */ = {
			isa = PBXSourcesBuildPhase;
			buildActionMask = 2147483647;
			files = (
				26EDC33827A9934900C85B5D /* DivisiblesUITestsLaunchTests.swift in Sources */,
				26EDC33627A9934900C85B5D /* DivisiblesUITests.swift in Sources */,
			);
			runOnlyForDeploymentPostprocessing = 0;
		};
/* End PBXSourcesBuildPhase section */

/* Begin PBXTargetDependency section */
		26EDC32927A9934800C85B5D /* PBXTargetDependency */ = {
			isa = PBXTargetDependency;
			target = 26EDC31027A9934600C85B5D /* Divisibles */;
			targetProxy = 26EDC32827A9934800C85B5D /* PBXContainerItemProxy */;
		};
		26EDC33327A9934900C85B5D /* PBXTargetDependency */ = {
			isa = PBXTargetDependency;
			target = 26EDC31027A9934600C85B5D /* Divisibles */;
			targetProxy = 26EDC33227A9934900C85B5D /* PBXContainerItemProxy */;
		};
/* End PBXTargetDependency section */

/* Begin PBXVariantGroup section */
		26EDC31A27A9934600C85B5D /* Main.storyboard */ = {
			isa = PBXVariantGroup;
			children = (
				26EDC31B27A9934600C85B5D /* Base */,
			);
			name = Main.storyboard;
			sourceTree = "<group>";
		};
		26EDC31F27A9934800C85B5D /* LaunchScreen.storyboard */ = {
			isa = PBXVariantGroup;
			children = (
				26EDC32027A9934800C85B5D /* Base */,
			);
			name = LaunchScreen.storyboard;
			sourceTree = "<group>";
		};
/* End PBXVariantGroup section */

/* Begin XCBuildConfiguration section */
		26EDC33927A9934900C85B5D /* Debug */ = {
			isa = XCBuildConfiguration;
			buildSettings = {
				ALWAYS_SEARCH_USER_PATHS = NO;
				CLANG_ANALYZER_NONNULL = YES;
				CLANG_ANALYZER_NUMBER_OBJECT_CONVERSION = YES_AGGRESSIVE;
				CLANG_CXX_LANGUAGE_STANDARD = "gnu++17";
				CLANG_CXX_LIBRARY = "libc++";
				CLANG_ENABLE_MODULES = YES;
				CLANG_ENABLE_OBJC_ARC = YES;
				CLANG_ENABLE_OBJC_WEAK = YES;
				CLANG_WARN_BLOCK_CAPTURE_AUTORELEASING = YES;
				CLANG_WARN_BOOL_CONVERSION = YES;
				CLANG_WARN_COMMA = YES;
				CLANG_WARN_CONSTANT_CONVERSION = YES;
				CLANG_WARN_DEPRECATED_OBJC_IMPLEMENTATIONS = YES;
				CLANG_WARN_DIRECT_OBJC_ISA_USAGE = YES_ERROR;
				CLANG_WARN_DOCUMENTATION_COMMENTS = YES;
				CLANG_WARN_EMPTY_BODY = YES;
				CLANG_WARN_ENUM_CONVERSION = YES;
				CLANG_WARN_INFINITE_RECURSION = YES;
				CLANG_WARN_INT_CONVERSION = YES;
				CLANG_WARN_NON_LITERAL_NULL_CONVERSION = YES;
				CLANG_WARN_OBJC_IMPLICIT_RETAIN_SELF = YES;
				CLANG_WARN_OBJC_LITERAL_CONVERSION = YES;
				CLANG_WARN_OBJC_ROOT_CLASS = YES_ERROR;
				CLANG_WARN_QUOTED_INCLUDE_IN_FRAMEWORK_HEADER = YES;
				CLANG_WARN_RANGE_LOOP_ANALYSIS = YES;
				CLANG_WARN_STRICT_PROTOTYPES = YES;
				CLANG_WARN_SUSPICIOUS_MOVE = YES;
				CLANG_WARN_UNGUARDED_AVAILABILITY = YES_AGGRESSIVE;
				CLANG_WARN_UNREACHABLE_CODE = YES;
				CLANG_WARN__DUPLICATE_METHOD_MATCH = YES;
				COPY_PHASE_STRIP = NO;
				DEBUG_INFORMATION_FORMAT = dwarf;
				ENABLE_STRICT_OBJC_MSGSEND = YES;
				ENABLE_TESTABILITY = YES;
				GCC_C_LANGUAGE_STANDARD = gnu11;
				GCC_DYNAMIC_NO_PIC = NO;
				GCC_NO_COMMON_BLOCKS = YES;
				GCC_OPTIMIZATION_LEVEL = 0;
				GCC_PREPROCESSOR_DEFINITIONS = (
					"DEBUG=1",
					"$(inherited)",
				);
				GCC_WARN_64_TO_32_BIT_CONVERSION = YES;
				GCC_WARN_ABOUT_RETURN_TYPE = YES_ERROR;
				GCC_WARN_UNDECLARED_SELECTOR = YES;
				GCC_WARN_UNINITIALIZED_AUTOS = YES_AGGRESSIVE;
				GCC_WARN_UNUSED_FUNCTION = YES;
				GCC_WARN_UNUSED_VARIABLE = YES;
				IPHONEOS_DEPLOYMENT_TARGET = 15.2;
				MTL_ENABLE_DEBUG_INFO = INCLUDE_SOURCE;
				MTL_FAST_MATH = YES;
				ONLY_ACTIVE_ARCH = YES;
				SDKROOT = iphoneos;
				SWIFT_ACTIVE_COMPILATION_CONDITIONS = DEBUG;
				SWIFT_OPTIMIZATION_LEVEL = "-Onone";
			};
			name = Debug;
		};
		26EDC33A27A9934900C85B5D /* Release */ = {
			isa = XCBuildConfiguration;
			buildSettings = {
				ALWAYS_SEARCH_USER_PATHS = NO;
				CLANG_ANALYZER_NONNULL = YES;
				CLANG_ANALYZER_NUMBER_OBJECT_CONVERSION = YES_AGGRESSIVE;
				CLANG_CXX_LANGUAGE_STANDARD = "gnu++17";
				CLANG_CXX_LIBRARY = "libc++";
				CLANG_ENABLE_MODULES = YES;
				CLANG_ENABLE_OBJC_ARC = YES;
				CLANG_ENABLE_OBJC_WEAK = YES;
				CLANG_WARN_BLOCK_CAPTURE_AUTORELEASING = YES;
				CLANG_WARN_BOOL_CONVERSION = YES;
				CLANG_WARN_COMMA = YES;
				CLANG_WARN_CONSTANT_CONVERSION = YES;
				CLANG_WARN_DEPRECATED_OBJC_IMPLEMENTATIONS = YES;
				CLANG_WARN_DIRECT_OBJC_ISA_USAGE = YES_ERROR;
				CLANG_WARN_DOCUMENTATION_COMMENTS = YES;
				CLANG_WARN_EMPTY_BODY = YES;
				CLANG_WARN_ENUM_CONVERSION = YES;
				CLANG_WARN_INFINITE_RECURSION = YES;
				CLANG_WARN_INT_CONVERSION = YES;
				CLANG_WARN_NON_LITERAL_NULL_CONVERSION = YES;
				CLANG_WARN_OBJC_IMPLICIT_RETAIN_SELF = YES;
				CLANG_WARN_OBJC_LITERAL_CONVERSION = YES;
				CLANG_WARN_OBJC_ROOT_CLASS = YES_ERROR;
				CLANG_WARN_QUOTED_INCLUDE_IN_FRAMEWORK_HEADER = YES;
				CLANG_WARN_RANGE_LOOP_ANALYSIS = YES;
				CLANG_WARN_STRICT_PROTOTYPES = YES;
				CLANG_WARN_SUSPICIOUS_MOVE = YES;
				CLANG_WARN_UNGUARDED_AVAILABILITY = YES_AGGRESSIVE;
				CLANG_WARN_UNREACHABLE_CODE = YES;
				CLANG_WARN__DUPLICATE_METHOD_MATCH = YES;
				COPY_PHASE_STRIP = NO;
				DEBUG_INFORMATION_FORMAT = "dwarf-with-dsym";
				ENABLE_NS_ASSERTIONS = NO;
				ENABLE_STRICT_OBJC_MSGSEND = YES;
				GCC_C_LANGUAGE_STANDARD = gnu11;
				GCC_NO_COMMON_BLOCKS = YES;
				GCC_WARN_64_TO_32_BIT_CONVERSION = YES;
				GCC_WARN_ABOUT_RETURN_TYPE = YES_ERROR;
				GCC_WARN_UNDECLARED_SELECTOR = YES;
				GCC_WARN_UNINITIALIZED_AUTOS = YES_AGGRESSIVE;
				GCC_WARN_UNUSED_FUNCTION = YES;
				GCC_WARN_UNUSED_VARIABLE = YES;
				IPHONEOS_DEPLOYMENT_TARGET = 15.2;
				MTL_ENABLE_DEBUG_INFO = NO;
				MTL_FAST_MATH = YES;
				SDKROOT = iphoneos;
				SWIFT_COMPILATION_MODE = wholemodule;
				SWIFT_OPTIMIZATION_LEVEL = "-O";
				VALIDATE_PRODUCT = YES;
			};
			name = Release;
		};
		26EDC33C27A9934900C85B5D /* Debug */ = {
			isa = XCBuildConfiguration;
			buildSettings = {
				ASSETCATALOG_COMPILER_APPICON_NAME = AppIcon;
				ASSETCATALOG_COMPILER_GLOBAL_ACCENT_COLOR_NAME = AccentColor;
				CODE_SIGN_STYLE = Automatic;
				CURRENT_PROJECT_VERSION = 1;
				DEVELOPMENT_TEAM = A29G94WKPQ;
				GENERATE_INFOPLIST_FILE = YES;
				INFOPLIST_FILE = Divisibles/Info.plist;
				INFOPLIST_KEY_UIApplicationSupportsIndirectInputEvents = YES;
				INFOPLIST_KEY_UILaunchStoryboardName = LaunchScreen;
				INFOPLIST_KEY_UIMainStoryboardFile = Main;
				INFOPLIST_KEY_UISupportedInterfaceOrientations_iPad = "UIInterfaceOrientationPortrait UIInterfaceOrientationPortraitUpsideDown UIInterfaceOrientationLandscapeLeft UIInterfaceOrientationLandscapeRight";
				INFOPLIST_KEY_UISupportedInterfaceOrientations_iPhone = "UIInterfaceOrientationPortrait UIInterfaceOrientationLandscapeLeft UIInterfaceOrientationLandscapeRight";
				LD_RUNPATH_SEARCH_PATHS = (
					"$(inherited)",
					"@executable_path/Frameworks",
				);
				MARKETING_VERSION = 1.0;
				PRODUCT_BUNDLE_IDENTIFIER = ivan.Divisibles;
				PRODUCT_NAME = "$(TARGET_NAME)";
				SWIFT_EMIT_LOC_STRINGS = YES;
				SWIFT_VERSION = 5.0;
				TARGETED_DEVICE_FAMILY = "1,2";
			};
			name = Debug;
		};
		26EDC33D27A9934900C85B5D /* Release */ = {
			isa = XCBuildConfiguration;
			buildSettings = {
				ASSETCATALOG_COMPILER_APPICON_NAME = AppIcon;
				ASSETCATALOG_COMPILER_GLOBAL_ACCENT_COLOR_NAME = AccentColor;
				CODE_SIGN_STYLE = Automatic;
				CURRENT_PROJECT_VERSION = 1;
				DEVELOPMENT_TEAM = A29G94WKPQ;
				GENERATE_INFOPLIST_FILE = YES;
				INFOPLIST_FILE = Divisibles/Info.plist;
				INFOPLIST_KEY_UIApplicationSupportsIndirectInputEvents = YES;
				INFOPLIST_KEY_UILaunchStoryboardName = LaunchScreen;
				INFOPLIST_KEY_UIMainStoryboardFile = Main;
				INFOPLIST_KEY_UISupportedInterfaceOrientations_iPad = "UIInterfaceOrientationPortrait UIInterfaceOrientationPortraitUpsideDown UIInterfaceOrientationLandscapeLeft UIInterfaceOrientationLandscapeRight";
				INFOPLIST_KEY_UISupportedInterfaceOrientations_iPhone = "UIInterfaceOrientationPortrait UIInterfaceOrientationLandscapeLeft UIInterfaceOrientationLandscapeRight";
				LD_RUNPATH_SEARCH_PATHS = (
					"$(inherited)",
					"@executable_path/Frameworks",
				);
				MARKETING_VERSION = 1.0;
				PRODUCT_BUNDLE_IDENTIFIER = ivan.Divisibles;
				PRODUCT_NAME = "$(TARGET_NAME)";
				SWIFT_EMIT_LOC_STRINGS = YES;
				SWIFT_VERSION = 5.0;
				TARGETED_DEVICE_FAMILY = "1,2";
			};
			name = Release;
		};
		26EDC33F27A9934900C85B5D /* Debug */ = {
			isa = XCBuildConfiguration;
			buildSettings = {
				ALWAYS_EMBED_SWIFT_STANDARD_LIBRARIES = YES;
				BUNDLE_LOADER = "$(TEST_HOST)";
				CODE_SIGN_STYLE = Automatic;
				CURRENT_PROJECT_VERSION = 1;
				DEVELOPMENT_TEAM = A29G94WKPQ;
				GENERATE_INFOPLIST_FILE = YES;
				IPHONEOS_DEPLOYMENT_TARGET = 15.2;
				MARKETING_VERSION = 1.0;
				PRODUCT_BUNDLE_IDENTIFIER = ivan.DivisiblesTests;
				PRODUCT_NAME = "$(TARGET_NAME)";
				SWIFT_EMIT_LOC_STRINGS = NO;
				SWIFT_VERSION = 5.0;
				TARGETED_DEVICE_FAMILY = "1,2";
				TEST_HOST = "$(BUILT_PRODUCTS_DIR)/Divisibles.app/Divisibles";
			};
			name = Debug;
		};
		26EDC34027A9934900C85B5D /* Release */ = {
			isa = XCBuildConfiguration;
			buildSettings = {
				ALWAYS_EMBED_SWIFT_STANDARD_LIBRARIES = YES;
				BUNDLE_LOADER = "$(TEST_HOST)";
				CODE_SIGN_STYLE = Automatic;
				CURRENT_PROJECT_VERSION = 1;
				DEVELOPMENT_TEAM = A29G94WKPQ;
				GENERATE_INFOPLIST_FILE = YES;
				IPHONEOS_DEPLOYMENT_TARGET = 15.2;
				MARKETING_VERSION = 1.0;
				PRODUCT_BUNDLE_IDENTIFIER = ivan.DivisiblesTests;
				PRODUCT_NAME = "$(TARGET_NAME)";
				SWIFT_EMIT_LOC_STRINGS = NO;
				SWIFT_VERSION = 5.0;
				TARGETED_DEVICE_FAMILY = "1,2";
				TEST_HOST = "$(BUILT_PRODUCTS_DIR)/Divisibles.app/Divisibles";
			};
			name = Release;
		};
		26EDC34227A9934900C85B5D /* Debug */ = {
			isa = XCBuildConfiguration;
			buildSettings = {
				ALWAYS_EMBED_SWIFT_STANDARD_LIBRARIES = YES;
				CODE_SIGN_STYLE = Automatic;
				CURRENT_PROJECT_VERSION = 1;
				DEVELOPMENT_TEAM = A29G94WKPQ;
				GENERATE_INFOPLIST_FILE = YES;
				MARKETING_VERSION = 1.0;
				PRODUCT_BUNDLE_IDENTIFIER = ivan.DivisiblesUITests;
				PRODUCT_NAME = "$(TARGET_NAME)";
				SWIFT_EMIT_LOC_STRINGS = NO;
				SWIFT_VERSION = 5.0;
				TARGETED_DEVICE_FAMILY = "1,2";
				TEST_TARGET_NAME = Divisibles;
			};
			name = Debug;
		};
		26EDC34327A9934900C85B5D /* Release */ = {
			isa = XCBuildConfiguration;
			buildSettings = {
				ALWAYS_EMBED_SWIFT_STANDARD_LIBRARIES = YES;
				CODE_SIGN_STYLE = Automatic;
				CURRENT_PROJECT_VERSION = 1;
				DEVELOPMENT_TEAM = A29G94WKPQ;
				GENERATE_INFOPLIST_FILE = YES;
				MARKETING_VERSION = 1.0;
				PRODUCT_BUNDLE_IDENTIFIER = ivan.DivisiblesUITests;
				PRODUCT_NAME = "$(TARGET_NAME)";
				SWIFT_EMIT_LOC_STRINGS = NO;
				SWIFT_VERSION = 5.0;
				TARGETED_DEVICE_FAMILY = "1,2";
				TEST_TARGET_NAME = Divisibles;
			};
			name = Release;
		};
/* End XCBuildConfiguration section */

/* Begin XCConfigurationList section */
		26EDC30C27A9934600C85B5D /* Build configuration list for PBXProject "Divisibles" */ = {
			isa = XCConfigurationList;
			buildConfigurations = (
				26EDC33927A9934900C85B5D /* Debug */,
				26EDC33A27A9934900C85B5D /* Release */,
			);
			defaultConfigurationIsVisible = 0;
			defaultConfigurationName = Release;
		};
		26EDC33B27A9934900C85B5D /* Build configuration list for PBXNativeTarget "Divisibles" */ = {
			isa = XCConfigurationList;
			buildConfigurations = (
				26EDC33C27A9934900C85B5D /* Debug */,
				26EDC33D27A9934900C85B5D /* Release */,
			);
			defaultConfigurationIsVisible = 0;
			defaultConfigurationName = Release;
		};
		26EDC33E27A9934900C85B5D /* Build configuration list for PBXNativeTarget "DivisiblesTests" */ = {
			isa = XCConfigurationList;
			buildConfigurations = (
				26EDC33F27A9934900C85B5D /* Debug */,
				26EDC34027A9934900C85B5D /* Release */,
			);
			defaultConfigurationIsVisible = 0;
			defaultConfigurationName = Release;
		};
		26EDC34127A9934900C85B5D /* Build configuration list for PBXNativeTarget "DivisiblesUITests" */ = {
			isa = XCConfigurationList;
			buildConfigurations = (
				26EDC34227A9934900C85B5D /* Debug */,
				26EDC34327A9934900C85B5D /* Release */,
			);
			defaultConfigurationIsVisible = 0;
			defaultConfigurationName = Release;
		};
/* End XCConfigurationList section */
	};
	rootObject = 26EDC30927A9934600C85B5D /* Project object */;
}
